
Microsoft Visual Studio Solution File, Format Version 12.00
# Visual Studio Version 17
VisualStudioVersion = 17.7.34031.279
MinimumVisualStudioVersion = 10.0.40219.1
Project("{8BC9CEB8-8B4A-11D0-8D11-00A0C91BC942}") = "lab 9.1 B", "lab 9.1 B\lab 9.1 B.vcxproj", "{01B38F8C-C3FF-48BC-B7D8-6B6DE66B8CC7}"
EndProject
Project("{8BC9CEB8-8B4A-11D0-8D11-00A0C91BC942}") = "laba 9.1 B", "laba 9.1 B\laba 9.1 B.vcxproj", "{CB66F67D-96C2-4D07-B3C8-8AA92E824974}"
EndProject
Global
	GlobalSection(SolutionConfigurationPlatforms) = preSolution
		Debug|x64 = Debug|x64
		Debug|x86 = Debug|x86
		Release|x64 = Release|x64
		Release|x86 = Release|x86
	EndGlobalSection
	GlobalSection(ProjectConfigurationPlatforms) = postSolution
		{01B38F8C-C3FF-48BC-B7D8-6B6DE66B8CC7}.Debug|x64.ActiveCfg = Debug|x64
		{01B38F8C-C3FF-48BC-B7D8-6B6DE66B8CC7}.Debug|x64.Build.0 = Debug|x64
		{01B38F8C-C3FF-48BC-B7D8-6B6DE66B8CC7}.Debug|x86.ActiveCfg = Debug|Win32
		{01B38F8C-C3FF-48BC-B7D8-6B6DE66B8CC7}.Debug|x86.Build.0 = Debug|Win32
		{01B38F8C-C3FF-48BC-B7D8-6B6DE66B8CC7}.Release|x64.ActiveCfg = Release|x64
		{01B38F8C-C3FF-48BC-B7D8-6B6DE66B8CC7}.Release|x64.Build.0 = Release|x64
		{01B38F8C-C3FF-48BC-B7D8-6B6DE66B8CC7}.Release|x86.ActiveCfg = Release|Win32
		{01B38F8C-C3FF-48BC-B7D8-6B6DE66B8CC7}.Release|x86.Build.0 = Release|Win32
		{CB66F67D-96C2-4D07-B3C8-8AA92E824974}.Debug|x64.ActiveCfg = Debug|x64
		{CB66F67D-96C2-4D07-B3C8-8AA92E824974}.Debug|x64.Build.0 = Debug|x64
		{CB66F67D-96C2-4D07-B3C8-8AA92E824974}.Debug|x86.ActiveCfg = Debug|Win32
		{CB66F67D-96C2-4D07-B3C8-8AA92E824974}.Debug|x86.Build.0 = Debug|Win32
		{CB66F67D-96C2-4D07-B3C8-8AA92E824974}.Release|x64.ActiveCfg = Release|x64
		{CB66F67D-96C2-4D07-B3C8-8AA92E824974}.Release|x64.Build.0 = Release|x64
		{CB66F67D-96C2-4D07-B3C8-8AA92E824974}.Release|x86.ActiveCfg = Release|Win32
		{CB66F67D-96C2-4D07-B3C8-8AA92E824974}.Release|x86.Build.0 = Release|Win32
	EndGlobalSection
	GlobalSection(SolutionProperties) = preSolution
		HideSolutionNode = FALSE
	EndGlobalSection
	GlobalSection(ExtensibilityGlobals) = postSolution
		SolutionGuid = {767204A4-5D46-4E19-892D-9C325DE50DE1}
	EndGlobalSection
EndGlobal
